
Microsoft Visual Studio Solution File, Format Version 12.00
# Visual Studio 15
VisualStudioVersion = 15.0.28010.2036
MinimumVisualStudioVersion = 10.0.40219.1
Project("{8BC9CEB8-8B4A-11D0-8D11-00A0C91BC942}") = "outlook.com", "outlook.com\outlook.com.vcxproj", "{27731F41-4F76-4C61-BC1D-FF4EF0D44CD1}"
EndProject
Project("{930C7802-8A8C-48F9-8165-68863BCCD9DD}") = "Setup", "setup\setup.wixproj", "{A5343E0B-9DA6-4334-BC4C-351D816FD62F}"
	ProjectSection(ProjectDependencies) = postProject
		{27731F41-4F76-4C61-BC1D-FF4EF0D44CD1} = {27731F41-4F76-4C61-BC1D-FF4EF0D44CD1}
	EndProjectSection
EndProject
Global
	GlobalSection(SolutionConfigurationPlatforms) = preSolution
		Debug|x64 = Debug|x64
		Debug|x86 = Debug|x86
		Release|x64 = Release|x64
		Release|x86 = Release|x86
	EndGlobalSection
	GlobalSection(ProjectConfigurationPlatforms) = postSolution
		{27731F41-4F76-4C61-BC1D-FF4EF0D44CD1}.Debug|x64.ActiveCfg = Debug|x64
		{27731F41-4F76-4C61-BC1D-FF4EF0D44CD1}.Debug|x64.Build.0 = Debug|x64
		{27731F41-4F76-4C61-BC1D-FF4EF0D44CD1}.Debug|x86.ActiveCfg = Debug|Win32
		{27731F41-4F76-4C61-BC1D-FF4EF0D44CD1}.Debug|x86.Build.0 = Debug|Win32
		{27731F41-4F76-4C61-BC1D-FF4EF0D44CD1}.Release|x64.ActiveCfg = Release|x64
		{27731F41-4F76-4C61-BC1D-FF4EF0D44CD1}.Release|x64.Build.0 = Release|x64
		{27731F41-4F76-4C61-BC1D-FF4EF0D44CD1}.Release|x86.ActiveCfg = Release|Win32
		{27731F41-4F76-4C61-BC1D-FF4EF0D44CD1}.Release|x86.Build.0 = Release|Win32
		{A5343E0B-9DA6-4334-BC4C-351D816FD62F}.Debug|x64.ActiveCfg = Debug|x86
		{A5343E0B-9DA6-4334-BC4C-351D816FD62F}.Debug|x86.ActiveCfg = Debug|x86
		{A5343E0B-9DA6-4334-BC4C-351D816FD62F}.Debug|x86.Build.0 = Debug|x86
		{A5343E0B-9DA6-4334-BC4C-351D816FD62F}.Release|x64.ActiveCfg = Release|x86
		{A5343E0B-9DA6-4334-BC4C-351D816FD62F}.Release|x86.ActiveCfg = Release|x86
		{A5343E0B-9DA6-4334-BC4C-351D816FD62F}.Release|x86.Build.0 = Release|x86
	EndGlobalSection
	GlobalSection(SolutionProperties) = preSolution
		HideSolutionNode = FALSE
	EndGlobalSection
	GlobalSection(ExtensibilityGlobals) = postSolution
		SolutionGuid = {A4608281-42D8-4F22-92C0-E1207E1FEBEE}
	EndGlobalSection
EndGlobal
